
Microsoft Visual Studio Solution File, Format Version 12.00
# Visual Studio 15
VisualStudioVersion = 15.0.26228.9
MinimumVisualStudioVersion = 10.0.40219.1
Project("{FAE04EC0-301F-11D3-BF4B-00C04F79EFBC}") = "Cats.Android", "Cats\Cats.Android\Cats.Android.csproj", "{B33B9152-08F2-474E-9012-16A92CF8EA1F}"
EndProject
Project("{FAE04EC0-301F-11D3-BF4B-00C04F79EFBC}") = "Cats", "Cats\Cats\Cats.csproj", "{859CCC75-0C17-4E72-ACFC-41CFF1F10752}"
EndProject
Project("{FAE04EC0-301F-11D3-BF4B-00C04F79EFBC}") = "Cats.UWP", "Cats\Cats.UWP\Cats.UWP.csproj", "{01FCBCA3-A2F0-4617-8DD0-C3DF23885ADF}"
EndProject
Project("{FAE04EC0-301F-11D3-BF4B-00C04F79EFBC}") = "Cats.iOS", "Cats\Cats.iOS\Cats.iOS.csproj", "{AEC8C53F-EF0E-4412-9A43-09CA5F23BA14}"
EndProject
Global
	GlobalSection(SolutionConfigurationPlatforms) = preSolution
		Ad-Hoc|Any CPU = Ad-Hoc|Any CPU
		Ad-Hoc|ARM = Ad-Hoc|ARM
		Ad-Hoc|iPhone = Ad-Hoc|iPhone
		Ad-Hoc|iPhoneSimulator = Ad-Hoc|iPhoneSimulator
		Ad-Hoc|x64 = Ad-Hoc|x64
		Ad-Hoc|x86 = Ad-Hoc|x86
		AppStore|Any CPU = AppStore|Any CPU
		AppStore|ARM = AppStore|ARM
		AppStore|iPhone = AppStore|iPhone
		AppStore|iPhoneSimulator = AppStore|iPhoneSimulator
		AppStore|x64 = AppStore|x64
		AppStore|x86 = AppStore|x86
		Debug|Any CPU = Debug|Any CPU
		Debug|ARM = Debug|ARM
		Debug|iPhone = Debug|iPhone
		Debug|iPhoneSimulator = Debug|iPhoneSimulator
		Debug|x64 = Debug|x64
		Debug|x86 = Debug|x86
		Release|Any CPU = Release|Any CPU
		Release|ARM = Release|ARM
		Release|iPhone = Release|iPhone
		Release|iPhoneSimulator = Release|iPhoneSimulator
		Release|x64 = Release|x64
		Release|x86 = Release|x86
	EndGlobalSection
	GlobalSection(ProjectConfigurationPlatforms) = postSolution
		{B33B9152-08F2-474E-9012-16A92CF8EA1F}.Ad-Hoc|Any CPU.ActiveCfg = Release|Any CPU
		{B33B9152-08F2-474E-9012-16A92CF8EA1F}.Ad-Hoc|Any CPU.Build.0 = Release|Any CPU
		{B33B9152-08F2-474E-9012-16A92CF8EA1F}.Ad-Hoc|Any CPU.Deploy.0 = Release|Any CPU
		{B33B9152-08F2-474E-9012-16A92CF8EA1F}.Ad-Hoc|ARM.ActiveCfg = Release|Any CPU
		{B33B9152-08F2-474E-9012-16A92CF8EA1F}.Ad-Hoc|ARM.Build.0 = Release|Any CPU
		{B33B9152-08F2-474E-9012-16A92CF8EA1F}.Ad-Hoc|ARM.Deploy.0 = Release|Any CPU
		{B33B9152-08F2-474E-9012-16A92CF8EA1F}.Ad-Hoc|iPhone.ActiveCfg = Release|Any CPU
		{B33B9152-08F2-474E-9012-16A92CF8EA1F}.Ad-Hoc|iPhone.Build.0 = Release|Any CPU
		{B33B9152-08F2-474E-9012-16A92CF8EA1F}.Ad-Hoc|iPhone.Deploy.0 = Release|Any CPU
		{B33B9152-08F2-474E-9012-16A92CF8EA1F}.Ad-Hoc|iPhoneSimulator.ActiveCfg = Release|Any CPU
		{B33B9152-08F2-474E-9012-16A92CF8EA1F}.Ad-Hoc|iPhoneSimulator.Build.0 = Release|Any CPU
		{B33B9152-08F2-474E-9012-16A92CF8EA1F}.Ad-Hoc|iPhoneSimulator.Deploy.0 = Release|Any CPU
		{B33B9152-08F2-474E-9012-16A92CF8EA1F}.Ad-Hoc|x64.ActiveCfg = Release|Any CPU
		{B33B9152-08F2-474E-9012-16A92CF8EA1F}.Ad-Hoc|x64.Build.0 = Release|Any CPU
		{B33B9152-08F2-474E-9012-16A92CF8EA1F}.Ad-Hoc|x64.Deploy.0 = Release|Any CPU
		{B33B9152-08F2-474E-9012-16A92CF8EA1F}.Ad-Hoc|x86.ActiveCfg = Release|Any CPU
		{B33B9152-08F2-474E-9012-16A92CF8EA1F}.Ad-Hoc|x86.Build.0 = Release|Any CPU
		{B33B9152-08F2-474E-9012-16A92CF8EA1F}.Ad-Hoc|x86.Deploy.0 = Release|Any CPU
		{B33B9152-08F2-474E-9012-16A92CF8EA1F}.AppStore|Any CPU.ActiveCfg = Release|Any CPU
		{B33B9152-08F2-474E-9012-16A92CF8EA1F}.AppStore|Any CPU.Build.0 = Release|Any CPU
		{B33B9152-08F2-474E-9012-16A92CF8EA1F}.AppStore|Any CPU.Deploy.0 = Release|Any CPU
		{B33B9152-08F2-474E-9012-16A92CF8EA1F}.AppStore|ARM.ActiveCfg = Release|Any CPU
		{B33B9152-08F2-474E-9012-16A92CF8EA1F}.AppStore|ARM.Build.0 = Release|Any CPU
		{B33B9152-08F2-474E-9012-16A92CF8EA1F}.AppStore|ARM.Deploy.0 = Release|Any CPU
		{B33B9152-08F2-474E-9012-16A92CF8EA1F}.AppStore|iPhone.ActiveCfg = Release|Any CPU
		{B33B9152-08F2-474E-9012-16A92CF8EA1F}.AppStore|iPhone.Build.0 = Release|Any CPU
		{B33B9152-08F2-474E-9012-16A92CF8EA1F}.AppStore|iPhone.Deploy.0 = Release|Any CPU
		{B33B9152-08F2-474E-9012-16A92CF8EA1F}.AppStore|iPhoneSimulator.ActiveCfg = Release|Any CPU
		{B33B9152-08F2-474E-9012-16A92CF8EA1F}.AppStore|iPhoneSimulator.Build.0 = Release|Any CPU
		{B33B9152-08F2-474E-9012-16A92CF8EA1F}.AppStore|iPhoneSimulator.Deploy.0 = Release|Any CPU
		{B33B9152-08F2-474E-9012-16A92CF8EA1F}.AppStore|x64.ActiveCfg = Release|Any CPU
		{B33B9152-08F2-474E-9012-16A92CF8EA1F}.AppStore|x64.Build.0 = Release|Any CPU
		{B33B9152-08F2-474E-9012-16A92CF8EA1F}.AppStore|x64.Deploy.0 = Release|Any CPU
		{B33B9152-08F2-474E-9012-16A92CF8EA1F}.AppStore|x86.ActiveCfg = Release|Any CPU
		{B33B9152-08F2-474E-9012-16A92CF8EA1F}.AppStore|x86.Build.0 = Release|Any CPU
		{B33B9152-08F2-474E-9012-16A92CF8EA1F}.AppStore|x86.Deploy.0 = Release|Any CPU
		{B33B9152-08F2-474E-9012-16A92CF8EA1F}.Debug|Any CPU.ActiveCfg = Debug|Any CPU
		{B33B9152-08F2-474E-9012-16A92CF8EA1F}.Debug|Any CPU.Build.0 = Debug|Any CPU
		{B33B9152-08F2-474E-9012-16A92CF8EA1F}.Debug|Any CPU.Deploy.0 = Debug|Any CPU
		{B33B9152-08F2-474E-9012-16A92CF8EA1F}.Debug|ARM.ActiveCfg = Debug|Any CPU
		{B33B9152-08F2-474E-9012-16A92CF8EA1F}.Debug|ARM.Build.0 = Debug|Any CPU
		{B33B9152-08F2-474E-9012-16A92CF8EA1F}.Debug|ARM.Deploy.0 = Debug|Any CPU
		{B33B9152-08F2-474E-9012-16A92CF8EA1F}.Debug|iPhone.ActiveCfg = Debug|Any CPU
		{B33B9152-08F2-474E-9012-16A92CF8EA1F}.Debug|iPhone.Build.0 = Debug|Any CPU
		{B33B9152-08F2-474E-9012-16A92CF8EA1F}.Debug|iPhone.Deploy.0 = Debug|Any CPU
		{B33B9152-08F2-474E-9012-16A92CF8EA1F}.Debug|iPhoneSimulator.ActiveCfg = Debug|Any CPU
		{B33B9152-08F2-474E-9012-16A92CF8EA1F}.Debug|iPhoneSimulator.Build.0 = Debug|Any CPU
		{B33B9152-08F2-474E-9012-16A92CF8EA1F}.Debug|iPhoneSimulator.Deploy.0 = Debug|Any CPU
		{B33B9152-08F2-474E-9012-16A92CF8EA1F}.Debug|x64.ActiveCfg = Debug|Any CPU
		{B33B9152-08F2-474E-9012-16A92CF8EA1F}.Debug|x64.Build.0 = Debug|Any CPU
		{B33B9152-08F2-474E-9012-16A92CF8EA1F}.Debug|x64.Deploy.0 = Debug|Any CPU
		{B33B9152-08F2-474E-9012-16A92CF8EA1F}.Debug|x86.ActiveCfg = Debug|Any CPU
		{B33B9152-08F2-474E-9012-16A92CF8EA1F}.Debug|x86.Build.0 = Debug|Any CPU
		{B33B9152-08F2-474E-9012-16A92CF8EA1F}.Debug|x86.Deploy.0 = Debug|Any CPU
		{B33B9152-08F2-474E-9012-16A92CF8EA1F}.Release|Any CPU.ActiveCfg = Release|Any CPU
		{B33B9152-08F2-474E-9012-16A92CF8EA1F}.Release|Any CPU.Build.0 = Release|Any CPU
		{B33B9152-08F2-474E-9012-16A92CF8EA1F}.Release|Any CPU.Deploy.0 = Release|Any CPU
		{B33B9152-08F2-474E-9012-16A92CF8EA1F}.Release|ARM.ActiveCfg = Release|Any CPU
		{B33B9152-08F2-474E-9012-16A92CF8EA1F}.Release|ARM.Build.0 = Release|Any CPU
		{B33B9152-08F2-474E-9012-16A92CF8EA1F}.Release|ARM.Deploy.0 = Release|Any CPU
		{B33B9152-08F2-474E-9012-16A92CF8EA1F}.Release|iPhone.ActiveCfg = Release|Any CPU
		{B33B9152-08F2-474E-9012-16A92CF8EA1F}.Release|iPhone.Build.0 = Release|Any CPU
		{B33B9152-08F2-474E-9012-16A92CF8EA1F}.Release|iPhone.Deploy.0 = Release|Any CPU
		{B33B9152-08F2-474E-9012-16A92CF8EA1F}.Release|iPhoneSimulator.ActiveCfg = Release|Any CPU
		{B33B9152-08F2-474E-9012-16A92CF8EA1F}.Release|iPhoneSimulator.Build.0 = Release|Any CPU
		{B33B9152-08F2-474E-9012-16A92CF8EA1F}.Release|iPhoneSimulator.Deploy.0 = Release|Any CPU
		{B33B9152-08F2-474E-9012-16A92CF8EA1F}.Release|x64.ActiveCfg = Release|Any CPU
		{B33B9152-08F2-474E-9012-16A92CF8EA1F}.Release|x64.Build.0 = Release|Any CPU
		{B33B9152-08F2-474E-9012-16A92CF8EA1F}.Release|x64.Deploy.0 = Release|Any CPU
		{B33B9152-08F2-474E-9012-16A92CF8EA1F}.Release|x86.ActiveCfg = Release|Any CPU
		{B33B9152-08F2-474E-9012-16A92CF8EA1F}.Release|x86.Build.0 = Release|Any CPU
		{B33B9152-08F2-474E-9012-16A92CF8EA1F}.Release|x86.Deploy.0 = Release|Any CPU
		{859CCC75-0C17-4E72-ACFC-41CFF1F10752}.Ad-Hoc|Any CPU.ActiveCfg = Release|Any CPU
		{859CCC75-0C17-4E72-ACFC-41CFF1F10752}.Ad-Hoc|Any CPU.Build.0 = Release|Any CPU
		{859CCC75-0C17-4E72-ACFC-41CFF1F10752}.Ad-Hoc|ARM.ActiveCfg = Release|Any CPU
		{859CCC75-0C17-4E72-ACFC-41CFF1F10752}.Ad-Hoc|ARM.Build.0 = Release|Any CPU
		{859CCC75-0C17-4E72-ACFC-41CFF1F10752}.Ad-Hoc|iPhone.ActiveCfg = Release|Any CPU
		{859CCC75-0C17-4E72-ACFC-41CFF1F10752}.Ad-Hoc|iPhone.Build.0 = Release|Any CPU
		{859CCC75-0C17-4E72-ACFC-41CFF1F10752}.Ad-Hoc|iPhoneSimulator.ActiveCfg = Release|Any CPU
		{859CCC75-0C17-4E72-ACFC-41CFF1F10752}.Ad-Hoc|iPhoneSimulator.Build.0 = Release|Any CPU
		{859CCC75-0C17-4E72-ACFC-41CFF1F10752}.Ad-Hoc|x64.ActiveCfg = Release|Any CPU
		{859CCC75-0C17-4E72-ACFC-41CFF1F10752}.Ad-Hoc|x64.Build.0 = Release|Any CPU
		{859CCC75-0C17-4E72-ACFC-41CFF1F10752}.Ad-Hoc|x86.ActiveCfg = Release|Any CPU
		{859CCC75-0C17-4E72-ACFC-41CFF1F10752}.Ad-Hoc|x86.Build.0 = Release|Any CPU
		{859CCC75-0C17-4E72-ACFC-41CFF1F10752}.AppStore|Any CPU.ActiveCfg = Release|Any CPU
		{859CCC75-0C17-4E72-ACFC-41CFF1F10752}.AppStore|Any CPU.Build.0 = Release|Any CPU
		{859CCC75-0C17-4E72-ACFC-41CFF1F10752}.AppStore|ARM.ActiveCfg = Release|Any CPU
		{859CCC75-0C17-4E72-ACFC-41CFF1F10752}.AppStore|ARM.Build.0 = Release|Any CPU
		{859CCC75-0C17-4E72-ACFC-41CFF1F10752}.AppStore|iPhone.ActiveCfg = Release|Any CPU
		{859CCC75-0C17-4E72-ACFC-41CFF1F10752}.AppStore|iPhone.Build.0 = Release|Any CPU
		{859CCC75-0C17-4E72-ACFC-41CFF1F10752}.AppStore|iPhoneSimulator.ActiveCfg = Release|Any CPU
		{859CCC75-0C17-4E72-ACFC-41CFF1F10752}.AppStore|iPhoneSimulator.Build.0 = Release|Any CPU
		{859CCC75-0C17-4E72-ACFC-41CFF1F10752}.AppStore|x64.ActiveCfg = Release|Any CPU
		{859CCC75-0C17-4E72-ACFC-41CFF1F10752}.AppStore|x64.Build.0 = Release|Any CPU
		{859CCC75-0C17-4E72-ACFC-41CFF1F10752}.AppStore|x86.ActiveCfg = Release|Any CPU
		{859CCC75-0C17-4E72-ACFC-41CFF1F10752}.AppStore|x86.Build.0 = Release|Any CPU
		{859CCC75-0C17-4E72-ACFC-41CFF1F10752}.Debug|Any CPU.ActiveCfg = Debug|Any CPU
		{859CCC75-0C17-4E72-ACFC-41CFF1F10752}.Debug|Any CPU.Build.0 = Debug|Any CPU
		{859CCC75-0C17-4E72-ACFC-41CFF1F10752}.Debug|ARM.ActiveCfg = Debug|Any CPU
		{859CCC75-0C17-4E72-ACFC-41CFF1F10752}.Debug|ARM.Build.0 = Debug|Any CPU
		{859CCC75-0C17-4E72-ACFC-41CFF1F10752}.Debug|iPhone.ActiveCfg = Debug|Any CPU
		{859CCC75-0C17-4E72-ACFC-41CFF1F10752}.Debug|iPhone.Build.0 = Debug|Any CPU
		{859CCC75-0C17-4E72-ACFC-41CFF1F10752}.Debug|iPhoneSimulator.ActiveCfg = Debug|Any CPU
		{859CCC75-0C17-4E72-ACFC-41CFF1F10752}.Debug|iPhoneSimulator.Build.0 = Debug|Any CPU
		{859CCC75-0C17-4E72-ACFC-41CFF1F10752}.Debug|x64.ActiveCfg = Debug|Any CPU
		{859CCC75-0C17-4E72-ACFC-41CFF1F10752}.Debug|x64.Build.0 = Debug|Any CPU
		{859CCC75-0C17-4E72-ACFC-41CFF1F10752}.Debug|x86.ActiveCfg = Debug|Any CPU
		{859CCC75-0C17-4E72-ACFC-41CFF1F10752}.Debug|x86.Build.0 = Debug|Any CPU
		{859CCC75-0C17-4E72-ACFC-41CFF1F10752}.Release|Any CPU.ActiveCfg = Release|Any CPU
		{859CCC75-0C17-4E72-ACFC-41CFF1F10752}.Release|Any CPU.Build.0 = Release|Any CPU
		{859CCC75-0C17-4E72-ACFC-41CFF1F10752}.Release|ARM.ActiveCfg = Release|Any CPU
		{859CCC75-0C17-4E72-ACFC-41CFF1F10752}.Release|ARM.Build.0 = Release|Any CPU
		{859CCC75-0C17-4E72-ACFC-41CFF1F10752}.Release|iPhone.ActiveCfg = Release|Any CPU
		{859CCC75-0C17-4E72-ACFC-41CFF1F10752}.Release|iPhone.Build.0 = Release|Any CPU
		{859CCC75-0C17-4E72-ACFC-41CFF1F10752}.Release|iPhoneSimulator.ActiveCfg = Release|Any CPU
		{859CCC75-0C17-4E72-ACFC-41CFF1F10752}.Release|iPhoneSimulator.Build.0 = Release|Any CPU
		{859CCC75-0C17-4E72-ACFC-41CFF1F10752}.Release|x64.ActiveCfg = Release|Any CPU
		{859CCC75-0C17-4E72-ACFC-41CFF1F10752}.Release|x64.Build.0 = Release|Any CPU
		{859CCC75-0C17-4E72-ACFC-41CFF1F10752}.Release|x86.ActiveCfg = Release|Any CPU
		{859CCC75-0C17-4E72-ACFC-41CFF1F10752}.Release|x86.Build.0 = Release|Any CPU
		{01FCBCA3-A2F0-4617-8DD0-C3DF23885ADF}.Ad-Hoc|Any CPU.ActiveCfg = Release|x86
		{01FCBCA3-A2F0-4617-8DD0-C3DF23885ADF}.Ad-Hoc|Any CPU.Build.0 = Release|x86
		{01FCBCA3-A2F0-4617-8DD0-C3DF23885ADF}.Ad-Hoc|Any CPU.Deploy.0 = Release|x86
		{01FCBCA3-A2F0-4617-8DD0-C3DF23885ADF}.Ad-Hoc|ARM.ActiveCfg = Release|ARM
		{01FCBCA3-A2F0-4617-8DD0-C3DF23885ADF}.Ad-Hoc|ARM.Build.0 = Release|ARM
		{01FCBCA3-A2F0-4617-8DD0-C3DF23885ADF}.Ad-Hoc|ARM.Deploy.0 = Release|ARM
		{01FCBCA3-A2F0-4617-8DD0-C3DF23885ADF}.Ad-Hoc|iPhone.ActiveCfg = Release|x86
		{01FCBCA3-A2F0-4617-8DD0-C3DF23885ADF}.Ad-Hoc|iPhone.Build.0 = Release|x86
		{01FCBCA3-A2F0-4617-8DD0-C3DF23885ADF}.Ad-Hoc|iPhone.Deploy.0 = Release|x86
		{01FCBCA3-A2F0-4617-8DD0-C3DF23885ADF}.Ad-Hoc|iPhoneSimulator.ActiveCfg = Release|x86
		{01FCBCA3-A2F0-4617-8DD0-C3DF23885ADF}.Ad-Hoc|iPhoneSimulator.Build.0 = Release|x86
		{01FCBCA3-A2F0-4617-8DD0-C3DF23885ADF}.Ad-Hoc|iPhoneSimulator.Deploy.0 = Release|x86
		{01FCBCA3-A2F0-4617-8DD0-C3DF23885ADF}.Ad-Hoc|x64.ActiveCfg = Release|x64
		{01FCBCA3-A2F0-4617-8DD0-C3DF23885ADF}.Ad-Hoc|x64.Build.0 = Release|x64
		{01FCBCA3-A2F0-4617-8DD0-C3DF23885ADF}.Ad-Hoc|x64.Deploy.0 = Release|x64
		{01FCBCA3-A2F0-4617-8DD0-C3DF23885ADF}.Ad-Hoc|x86.ActiveCfg = Release|x86
		{01FCBCA3-A2F0-4617-8DD0-C3DF23885ADF}.Ad-Hoc|x86.Build.0 = Release|x86
		{01FCBCA3-A2F0-4617-8DD0-C3DF23885ADF}.Ad-Hoc|x86.Deploy.0 = Release|x86
		{01FCBCA3-A2F0-4617-8DD0-C3DF23885ADF}.AppStore|Any CPU.ActiveCfg = Release|x86
		{01FCBCA3-A2F0-4617-8DD0-C3DF23885ADF}.AppStore|Any CPU.Build.0 = Release|x86
		{01FCBCA3-A2F0-4617-8DD0-C3DF23885ADF}.AppStore|Any CPU.Deploy.0 = Release|x86
		{01FCBCA3-A2F0-4617-8DD0-C3DF23885ADF}.AppStore|ARM.ActiveCfg = Release|ARM
		{01FCBCA3-A2F0-4617-8DD0-C3DF23885ADF}.AppStore|ARM.Build.0 = Release|ARM
		{01FCBCA3-A2F0-4617-8DD0-C3DF23885ADF}.AppStore|ARM.Deploy.0 = Release|ARM
		{01FCBCA3-A2F0-4617-8DD0-C3DF23885ADF}.AppStore|iPhone.ActiveCfg = Release|x86
		{01FCBCA3-A2F0-4617-8DD0-C3DF23885ADF}.AppStore|iPhone.Build.0 = Release|x86
		{01FCBCA3-A2F0-4617-8DD0-C3DF23885ADF}.AppStore|iPhone.Deploy.0 = Release|x86
		{01FCBCA3-A2F0-4617-8DD0-C3DF23885ADF}.AppStore|iPhoneSimulator.ActiveCfg = Release|x86
		{01FCBCA3-A2F0-4617-8DD0-C3DF23885ADF}.AppStore|iPhoneSimulator.Build.0 = Release|x86
		{01FCBCA3-A2F0-4617-8DD0-C3DF23885ADF}.AppStore|iPhoneSimulator.Deploy.0 = Release|x86
		{01FCBCA3-A2F0-4617-8DD0-C3DF23885ADF}.AppStore|x64.ActiveCfg = Release|x64
		{01FCBCA3-A2F0-4617-8DD0-C3DF23885ADF}.AppStore|x64.Build.0 = Release|x64
		{01FCBCA3-A2F0-4617-8DD0-C3DF23885ADF}.AppStore|x64.Deploy.0 = Release|x64
		{01FCBCA3-A2F0-4617-8DD0-C3DF23885ADF}.AppStore|x86.ActiveCfg = Release|x86
		{01FCBCA3-A2F0-4617-8DD0-C3DF23885ADF}.AppStore|x86.Build.0 = Release|x86
		{01FCBCA3-A2F0-4617-8DD0-C3DF23885ADF}.AppStore|x86.Deploy.0 = Release|x86
		{01FCBCA3-A2F0-4617-8DD0-C3DF23885ADF}.Debug|Any CPU.ActiveCfg = Debug|x86
		{01FCBCA3-A2F0-4617-8DD0-C3DF23885ADF}.Debug|ARM.ActiveCfg = Debug|ARM
		{01FCBCA3-A2F0-4617-8DD0-C3DF23885ADF}.Debug|ARM.Build.0 = Debug|ARM
		{01FCBCA3-A2F0-4617-8DD0-C3DF23885ADF}.Debug|ARM.Deploy.0 = Debug|ARM
		{01FCBCA3-A2F0-4617-8DD0-C3DF23885ADF}.Debug|iPhone.ActiveCfg = Debug|x86
		{01FCBCA3-A2F0-4617-8DD0-C3DF23885ADF}.Debug|iPhoneSimulator.ActiveCfg = Debug|x86
		{01FCBCA3-A2F0-4617-8DD0-C3DF23885ADF}.Debug|x64.ActiveCfg = Debug|x64
		{01FCBCA3-A2F0-4617-8DD0-C3DF23885ADF}.Debug|x64.Build.0 = Debug|x64
		{01FCBCA3-A2F0-4617-8DD0-C3DF23885ADF}.Debug|x64.Deploy.0 = Debug|x64
		{01FCBCA3-A2F0-4617-8DD0-C3DF23885ADF}.Debug|x86.ActiveCfg = Debug|x86
		{01FCBCA3-A2F0-4617-8DD0-C3DF23885ADF}.Debug|x86.Build.0 = Debug|x86
		{01FCBCA3-A2F0-4617-8DD0-C3DF23885ADF}.Debug|x86.Deploy.0 = Debug|x86
		{01FCBCA3-A2F0-4617-8DD0-C3DF23885ADF}.Release|Any CPU.ActiveCfg = Release|x86
		{01FCBCA3-A2F0-4617-8DD0-C3DF23885ADF}.Release|ARM.ActiveCfg = Release|ARM
		{01FCBCA3-A2F0-4617-8DD0-C3DF23885ADF}.Release|ARM.Build.0 = Release|ARM
		{01FCBCA3-A2F0-4617-8DD0-C3DF23885ADF}.Release|ARM.Deploy.0 = Release|ARM
		{01FCBCA3-A2F0-4617-8DD0-C3DF23885ADF}.Release|iPhone.ActiveCfg = Release|x86
		{01FCBCA3-A2F0-4617-8DD0-C3DF23885ADF}.Release|iPhoneSimulator.ActiveCfg = Release|x86
		{01FCBCA3-A2F0-4617-8DD0-C3DF23885ADF}.Release|x64.ActiveCfg = Release|x64
		{01FCBCA3-A2F0-4617-8DD0-C3DF23885ADF}.Release|x64.Build.0 = Release|x64
		{01FCBCA3-A2F0-4617-8DD0-C3DF23885ADF}.Release|x64.Deploy.0 = Release|x64
		{01FCBCA3-A2F0-4617-8DD0-C3DF23885ADF}.Release|x86.ActiveCfg = Release|x86
		{01FCBCA3-A2F0-4617-8DD0-C3DF23885ADF}.Release|x86.Build.0 = Release|x86
		{01FCBCA3-A2F0-4617-8DD0-C3DF23885ADF}.Release|x86.Deploy.0 = Release|x86
		{AEC8C53F-EF0E-4412-9A43-09CA5F23BA14}.Ad-Hoc|Any CPU.ActiveCfg = Ad-Hoc|iPhone
		{AEC8C53F-EF0E-4412-9A43-09CA5F23BA14}.Ad-Hoc|ARM.ActiveCfg = Ad-Hoc|iPhone
		{AEC8C53F-EF0E-4412-9A43-09CA5F23BA14}.Ad-Hoc|iPhone.ActiveCfg = Ad-Hoc|iPhone
		{AEC8C53F-EF0E-4412-9A43-09CA5F23BA14}.Ad-Hoc|iPhone.Build.0 = Ad-Hoc|iPhone
		{AEC8C53F-EF0E-4412-9A43-09CA5F23BA14}.Ad-Hoc|iPhoneSimulator.ActiveCfg = Ad-Hoc|iPhoneSimulator
		{AEC8C53F-EF0E-4412-9A43-09CA5F23BA14}.Ad-Hoc|iPhoneSimulator.Build.0 = Ad-Hoc|iPhoneSimulator
		{AEC8C53F-EF0E-4412-9A43-09CA5F23BA14}.Ad-Hoc|x64.ActiveCfg = Ad-Hoc|iPhone
		{AEC8C53F-EF0E-4412-9A43-09CA5F23BA14}.Ad-Hoc|x86.ActiveCfg = Ad-Hoc|iPhone
		{AEC8C53F-EF0E-4412-9A43-09CA5F23BA14}.AppStore|Any CPU.ActiveCfg = AppStore|iPhone
		{AEC8C53F-EF0E-4412-9A43-09CA5F23BA14}.AppStore|ARM.ActiveCfg = AppStore|iPhone
		{AEC8C53F-EF0E-4412-9A43-09CA5F23BA14}.AppStore|iPhone.ActiveCfg = AppStore|iPhone
		{AEC8C53F-EF0E-4412-9A43-09CA5F23BA14}.AppStore|iPhone.Build.0 = AppStore|iPhone
		{AEC8C53F-EF0E-4412-9A43-09CA5F23BA14}.AppStore|iPhoneSimulator.ActiveCfg = AppStore|iPhoneSimulator
		{AEC8C53F-EF0E-4412-9A43-09CA5F23BA14}.AppStore|iPhoneSimulator.Build.0 = AppStore|iPhoneSimulator
		{AEC8C53F-EF0E-4412-9A43-09CA5F23BA14}.AppStore|x64.ActiveCfg = AppStore|iPhone
		{AEC8C53F-EF0E-4412-9A43-09CA5F23BA14}.AppStore|x86.ActiveCfg = AppStore|iPhone
		{AEC8C53F-EF0E-4412-9A43-09CA5F23BA14}.Debug|Any CPU.ActiveCfg = Debug|iPhone
		{AEC8C53F-EF0E-4412-9A43-09CA5F23BA14}.Debug|ARM.ActiveCfg = Debug|iPhone
		{AEC8C53F-EF0E-4412-9A43-09CA5F23BA14}.Debug|iPhone.ActiveCfg = Debug|iPhone
		{AEC8C53F-EF0E-4412-9A43-09CA5F23BA14}.Debug|iPhone.Build.0 = Debug|iPhone
		{AEC8C53F-EF0E-4412-9A43-09CA5F23BA14}.Debug|iPhoneSimulator.ActiveCfg = Debug|iPhoneSimulator
		{AEC8C53F-EF0E-4412-9A43-09CA5F23BA14}.Debug|iPhoneSimulator.Build.0 = Debug|iPhoneSimulator
		{AEC8C53F-EF0E-4412-9A43-09CA5F23BA14}.Debug|x64.ActiveCfg = Debug|iPhone
		{AEC8C53F-EF0E-4412-9A43-09CA5F23BA14}.Debug|x86.ActiveCfg = Debug|iPhone
		{AEC8C53F-EF0E-4412-9A43-09CA5F23BA14}.Release|Any CPU.ActiveCfg = Release|iPhone
		{AEC8C53F-EF0E-4412-9A43-09CA5F23BA14}.Release|ARM.ActiveCfg = Release|iPhone
		{AEC8C53F-EF0E-4412-9A43-09CA5F23BA14}.Release|iPhone.ActiveCfg = Release|iPhone
		{AEC8C53F-EF0E-4412-9A43-09CA5F23BA14}.Release|iPhone.Build.0 = Release|iPhone
		{AEC8C53F-EF0E-4412-9A43-09CA5F23BA14}.Release|iPhoneSimulator.ActiveCfg = Release|iPhoneSimulator
		{AEC8C53F-EF0E-4412-9A43-09CA5F23BA14}.Release|iPhoneSimulator.Build.0 = Release|iPhoneSimulator
		{AEC8C53F-EF0E-4412-9A43-09CA5F23BA14}.Release|x64.ActiveCfg = Release|iPhone
		{AEC8C53F-EF0E-4412-9A43-09CA5F23BA14}.Release|x86.ActiveCfg = Release|iPhone
	EndGlobalSection
	GlobalSection(SolutionProperties) = preSolution
		HideSolutionNode = FALSE
	EndGlobalSection
EndGlobal
