
Microsoft Visual Studio Solution File, Format Version 12.00
# Visual Studio 15
VisualStudioVersion = 15.0.26228.4
MinimumVisualStudioVersion = 10.0.40219.1
Project("{D954291E-2A0B-460D-934E-DC6B0785DB48}") = "HelloXamarinFormsSAP", "HelloXamarinFormsSAP\HelloXamarinFormsSAP\HelloXamarinFormsSAP.shproj", "{8151415C-3A1F-4FBC-AF58-89BDE96EFDA0}"
EndProject
Project("{FAE04EC0-301F-11D3-BF4B-00C04F79EFBC}") = "HelloXamarinFormsSAP.Droid", "HelloXamarinFormsSAP\HelloXamarinFormsSAP.Droid\HelloXamarinFormsSAP.Droid.csproj", "{A390A891-24B7-44EC-85A1-A704A072A380}"
EndProject
Project("{FAE04EC0-301F-11D3-BF4B-00C04F79EFBC}") = "HelloXamarinFormsSAP.iOS", "HelloXamarinFormsSAP\HelloXamarinFormsSAP.iOS\HelloXamarinFormsSAP.iOS.csproj", "{B4DB3FBC-7B8D-4D50-97BF-F2A82FF9FF28}"
EndProject
Project("{FAE04EC0-301F-11D3-BF4B-00C04F79EFBC}") = "HelloXamarinFormsSAP.UWP", "HelloXamarinFormsSAP\HelloXamarinFormsSAP.UWP\HelloXamarinFormsSAP.UWP.csproj", "{51EF6ED0-85E9-478A-B55E-BCAC69DF6346}"
EndProject
Global
	GlobalSection(SharedMSBuildProjectFiles) = preSolution
		HelloXamarinFormsSAP\HelloXamarinFormsSAP\HelloXamarinFormsSAP.projitems*{51ef6ed0-85e9-478a-b55e-bcac69df6346}*SharedItemsImports = 4
		HelloXamarinFormsSAP\HelloXamarinFormsSAP\HelloXamarinFormsSAP.projitems*{8151415c-3a1f-4fbc-af58-89bde96efda0}*SharedItemsImports = 13
		HelloXamarinFormsSAP\HelloXamarinFormsSAP\HelloXamarinFormsSAP.projitems*{a390a891-24b7-44ec-85a1-a704a072a380}*SharedItemsImports = 4
		HelloXamarinFormsSAP\HelloXamarinFormsSAP\HelloXamarinFormsSAP.projitems*{b4db3fbc-7b8d-4d50-97bf-f2a82ff9ff28}*SharedItemsImports = 4
	EndGlobalSection
	GlobalSection(SolutionConfigurationPlatforms) = preSolution
		Ad-Hoc|Any CPU = Ad-Hoc|Any CPU
		Ad-Hoc|ARM = Ad-Hoc|ARM
		Ad-Hoc|iPhone = Ad-Hoc|iPhone
		Ad-Hoc|iPhoneSimulator = Ad-Hoc|iPhoneSimulator
		Ad-Hoc|x64 = Ad-Hoc|x64
		Ad-Hoc|x86 = Ad-Hoc|x86
		AppStore|Any CPU = AppStore|Any CPU
		AppStore|ARM = AppStore|ARM
		AppStore|iPhone = AppStore|iPhone
		AppStore|iPhoneSimulator = AppStore|iPhoneSimulator
		AppStore|x64 = AppStore|x64
		AppStore|x86 = AppStore|x86
		Debug|Any CPU = Debug|Any CPU
		Debug|ARM = Debug|ARM
		Debug|iPhone = Debug|iPhone
		Debug|iPhoneSimulator = Debug|iPhoneSimulator
		Debug|x64 = Debug|x64
		Debug|x86 = Debug|x86
		Release|Any CPU = Release|Any CPU
		Release|ARM = Release|ARM
		Release|iPhone = Release|iPhone
		Release|iPhoneSimulator = Release|iPhoneSimulator
		Release|x64 = Release|x64
		Release|x86 = Release|x86
	EndGlobalSection
	GlobalSection(ProjectConfigurationPlatforms) = postSolution
		{A390A891-24B7-44EC-85A1-A704A072A380}.Ad-Hoc|Any CPU.ActiveCfg = Release|Any CPU
		{A390A891-24B7-44EC-85A1-A704A072A380}.Ad-Hoc|Any CPU.Build.0 = Release|Any CPU
		{A390A891-24B7-44EC-85A1-A704A072A380}.Ad-Hoc|Any CPU.Deploy.0 = Release|Any CPU
		{A390A891-24B7-44EC-85A1-A704A072A380}.Ad-Hoc|ARM.ActiveCfg = Release|Any CPU
		{A390A891-24B7-44EC-85A1-A704A072A380}.Ad-Hoc|ARM.Build.0 = Release|Any CPU
		{A390A891-24B7-44EC-85A1-A704A072A380}.Ad-Hoc|ARM.Deploy.0 = Release|Any CPU
		{A390A891-24B7-44EC-85A1-A704A072A380}.Ad-Hoc|iPhone.ActiveCfg = Release|Any CPU
		{A390A891-24B7-44EC-85A1-A704A072A380}.Ad-Hoc|iPhone.Build.0 = Release|Any CPU
		{A390A891-24B7-44EC-85A1-A704A072A380}.Ad-Hoc|iPhone.Deploy.0 = Release|Any CPU
		{A390A891-24B7-44EC-85A1-A704A072A380}.Ad-Hoc|iPhoneSimulator.ActiveCfg = Release|Any CPU
		{A390A891-24B7-44EC-85A1-A704A072A380}.Ad-Hoc|iPhoneSimulator.Build.0 = Release|Any CPU
		{A390A891-24B7-44EC-85A1-A704A072A380}.Ad-Hoc|iPhoneSimulator.Deploy.0 = Release|Any CPU
		{A390A891-24B7-44EC-85A1-A704A072A380}.Ad-Hoc|x64.ActiveCfg = Release|Any CPU
		{A390A891-24B7-44EC-85A1-A704A072A380}.Ad-Hoc|x64.Build.0 = Release|Any CPU
		{A390A891-24B7-44EC-85A1-A704A072A380}.Ad-Hoc|x64.Deploy.0 = Release|Any CPU
		{A390A891-24B7-44EC-85A1-A704A072A380}.Ad-Hoc|x86.ActiveCfg = Release|Any CPU
		{A390A891-24B7-44EC-85A1-A704A072A380}.Ad-Hoc|x86.Build.0 = Release|Any CPU
		{A390A891-24B7-44EC-85A1-A704A072A380}.Ad-Hoc|x86.Deploy.0 = Release|Any CPU
		{A390A891-24B7-44EC-85A1-A704A072A380}.AppStore|Any CPU.ActiveCfg = Release|Any CPU
		{A390A891-24B7-44EC-85A1-A704A072A380}.AppStore|Any CPU.Build.0 = Release|Any CPU
		{A390A891-24B7-44EC-85A1-A704A072A380}.AppStore|Any CPU.Deploy.0 = Release|Any CPU
		{A390A891-24B7-44EC-85A1-A704A072A380}.AppStore|ARM.ActiveCfg = Release|Any CPU
		{A390A891-24B7-44EC-85A1-A704A072A380}.AppStore|ARM.Build.0 = Release|Any CPU
		{A390A891-24B7-44EC-85A1-A704A072A380}.AppStore|ARM.Deploy.0 = Release|Any CPU
		{A390A891-24B7-44EC-85A1-A704A072A380}.AppStore|iPhone.ActiveCfg = Release|Any CPU
		{A390A891-24B7-44EC-85A1-A704A072A380}.AppStore|iPhone.Build.0 = Release|Any CPU
		{A390A891-24B7-44EC-85A1-A704A072A380}.AppStore|iPhone.Deploy.0 = Release|Any CPU
		{A390A891-24B7-44EC-85A1-A704A072A380}.AppStore|iPhoneSimulator.ActiveCfg = Release|Any CPU
		{A390A891-24B7-44EC-85A1-A704A072A380}.AppStore|iPhoneSimulator.Build.0 = Release|Any CPU
		{A390A891-24B7-44EC-85A1-A704A072A380}.AppStore|iPhoneSimulator.Deploy.0 = Release|Any CPU
		{A390A891-24B7-44EC-85A1-A704A072A380}.AppStore|x64.ActiveCfg = Release|Any CPU
		{A390A891-24B7-44EC-85A1-A704A072A380}.AppStore|x64.Build.0 = Release|Any CPU
		{A390A891-24B7-44EC-85A1-A704A072A380}.AppStore|x64.Deploy.0 = Release|Any CPU
		{A390A891-24B7-44EC-85A1-A704A072A380}.AppStore|x86.ActiveCfg = Release|Any CPU
		{A390A891-24B7-44EC-85A1-A704A072A380}.AppStore|x86.Build.0 = Release|Any CPU
		{A390A891-24B7-44EC-85A1-A704A072A380}.AppStore|x86.Deploy.0 = Release|Any CPU
		{A390A891-24B7-44EC-85A1-A704A072A380}.Debug|Any CPU.ActiveCfg = Debug|Any CPU
		{A390A891-24B7-44EC-85A1-A704A072A380}.Debug|Any CPU.Build.0 = Debug|Any CPU
		{A390A891-24B7-44EC-85A1-A704A072A380}.Debug|Any CPU.Deploy.0 = Debug|Any CPU
		{A390A891-24B7-44EC-85A1-A704A072A380}.Debug|ARM.ActiveCfg = Debug|Any CPU
		{A390A891-24B7-44EC-85A1-A704A072A380}.Debug|ARM.Build.0 = Debug|Any CPU
		{A390A891-24B7-44EC-85A1-A704A072A380}.Debug|ARM.Deploy.0 = Debug|Any CPU
		{A390A891-24B7-44EC-85A1-A704A072A380}.Debug|iPhone.ActiveCfg = Debug|Any CPU
		{A390A891-24B7-44EC-85A1-A704A072A380}.Debug|iPhone.Build.0 = Debug|Any CPU
		{A390A891-24B7-44EC-85A1-A704A072A380}.Debug|iPhone.Deploy.0 = Debug|Any CPU
		{A390A891-24B7-44EC-85A1-A704A072A380}.Debug|iPhoneSimulator.ActiveCfg = Debug|Any CPU
		{A390A891-24B7-44EC-85A1-A704A072A380}.Debug|iPhoneSimulator.Build.0 = Debug|Any CPU
		{A390A891-24B7-44EC-85A1-A704A072A380}.Debug|iPhoneSimulator.Deploy.0 = Debug|Any CPU
		{A390A891-24B7-44EC-85A1-A704A072A380}.Debug|x64.ActiveCfg = Debug|Any CPU
		{A390A891-24B7-44EC-85A1-A704A072A380}.Debug|x64.Build.0 = Debug|Any CPU
		{A390A891-24B7-44EC-85A1-A704A072A380}.Debug|x64.Deploy.0 = Debug|Any CPU
		{A390A891-24B7-44EC-85A1-A704A072A380}.Debug|x86.ActiveCfg = Debug|Any CPU
		{A390A891-24B7-44EC-85A1-A704A072A380}.Debug|x86.Build.0 = Debug|Any CPU
		{A390A891-24B7-44EC-85A1-A704A072A380}.Debug|x86.Deploy.0 = Debug|Any CPU
		{A390A891-24B7-44EC-85A1-A704A072A380}.Release|Any CPU.ActiveCfg = Release|Any CPU
		{A390A891-24B7-44EC-85A1-A704A072A380}.Release|Any CPU.Build.0 = Release|Any CPU
		{A390A891-24B7-44EC-85A1-A704A072A380}.Release|Any CPU.Deploy.0 = Release|Any CPU
		{A390A891-24B7-44EC-85A1-A704A072A380}.Release|ARM.ActiveCfg = Release|Any CPU
		{A390A891-24B7-44EC-85A1-A704A072A380}.Release|ARM.Build.0 = Release|Any CPU
		{A390A891-24B7-44EC-85A1-A704A072A380}.Release|ARM.Deploy.0 = Release|Any CPU
		{A390A891-24B7-44EC-85A1-A704A072A380}.Release|iPhone.ActiveCfg = Release|Any CPU
		{A390A891-24B7-44EC-85A1-A704A072A380}.Release|iPhone.Build.0 = Release|Any CPU
		{A390A891-24B7-44EC-85A1-A704A072A380}.Release|iPhone.Deploy.0 = Release|Any CPU
		{A390A891-24B7-44EC-85A1-A704A072A380}.Release|iPhoneSimulator.ActiveCfg = Release|Any CPU
		{A390A891-24B7-44EC-85A1-A704A072A380}.Release|iPhoneSimulator.Build.0 = Release|Any CPU
		{A390A891-24B7-44EC-85A1-A704A072A380}.Release|iPhoneSimulator.Deploy.0 = Release|Any CPU
		{A390A891-24B7-44EC-85A1-A704A072A380}.Release|x64.ActiveCfg = Release|Any CPU
		{A390A891-24B7-44EC-85A1-A704A072A380}.Release|x64.Build.0 = Release|Any CPU
		{A390A891-24B7-44EC-85A1-A704A072A380}.Release|x64.Deploy.0 = Release|Any CPU
		{A390A891-24B7-44EC-85A1-A704A072A380}.Release|x86.ActiveCfg = Release|Any CPU
		{A390A891-24B7-44EC-85A1-A704A072A380}.Release|x86.Build.0 = Release|Any CPU
		{A390A891-24B7-44EC-85A1-A704A072A380}.Release|x86.Deploy.0 = Release|Any CPU
		{B4DB3FBC-7B8D-4D50-97BF-F2A82FF9FF28}.Ad-Hoc|Any CPU.ActiveCfg = Ad-Hoc|iPhone
		{B4DB3FBC-7B8D-4D50-97BF-F2A82FF9FF28}.Ad-Hoc|ARM.ActiveCfg = Ad-Hoc|iPhone
		{B4DB3FBC-7B8D-4D50-97BF-F2A82FF9FF28}.Ad-Hoc|iPhone.ActiveCfg = Ad-Hoc|iPhone
		{B4DB3FBC-7B8D-4D50-97BF-F2A82FF9FF28}.Ad-Hoc|iPhone.Build.0 = Ad-Hoc|iPhone
		{B4DB3FBC-7B8D-4D50-97BF-F2A82FF9FF28}.Ad-Hoc|iPhoneSimulator.ActiveCfg = Ad-Hoc|iPhoneSimulator
		{B4DB3FBC-7B8D-4D50-97BF-F2A82FF9FF28}.Ad-Hoc|iPhoneSimulator.Build.0 = Ad-Hoc|iPhoneSimulator
		{B4DB3FBC-7B8D-4D50-97BF-F2A82FF9FF28}.Ad-Hoc|x64.ActiveCfg = Ad-Hoc|iPhone
		{B4DB3FBC-7B8D-4D50-97BF-F2A82FF9FF28}.Ad-Hoc|x86.ActiveCfg = Ad-Hoc|iPhone
		{B4DB3FBC-7B8D-4D50-97BF-F2A82FF9FF28}.AppStore|Any CPU.ActiveCfg = AppStore|iPhone
		{B4DB3FBC-7B8D-4D50-97BF-F2A82FF9FF28}.AppStore|ARM.ActiveCfg = AppStore|iPhone
		{B4DB3FBC-7B8D-4D50-97BF-F2A82FF9FF28}.AppStore|iPhone.ActiveCfg = AppStore|iPhone
		{B4DB3FBC-7B8D-4D50-97BF-F2A82FF9FF28}.AppStore|iPhone.Build.0 = AppStore|iPhone
		{B4DB3FBC-7B8D-4D50-97BF-F2A82FF9FF28}.AppStore|iPhoneSimulator.ActiveCfg = AppStore|iPhoneSimulator
		{B4DB3FBC-7B8D-4D50-97BF-F2A82FF9FF28}.AppStore|iPhoneSimulator.Build.0 = AppStore|iPhoneSimulator
		{B4DB3FBC-7B8D-4D50-97BF-F2A82FF9FF28}.AppStore|x64.ActiveCfg = AppStore|iPhone
		{B4DB3FBC-7B8D-4D50-97BF-F2A82FF9FF28}.AppStore|x86.ActiveCfg = AppStore|iPhone
		{B4DB3FBC-7B8D-4D50-97BF-F2A82FF9FF28}.Debug|Any CPU.ActiveCfg = Debug|iPhone
		{B4DB3FBC-7B8D-4D50-97BF-F2A82FF9FF28}.Debug|Any CPU.Build.0 = Debug|iPhone
		{B4DB3FBC-7B8D-4D50-97BF-F2A82FF9FF28}.Debug|ARM.ActiveCfg = Debug|iPhone
		{B4DB3FBC-7B8D-4D50-97BF-F2A82FF9FF28}.Debug|iPhone.ActiveCfg = Debug|iPhone
		{B4DB3FBC-7B8D-4D50-97BF-F2A82FF9FF28}.Debug|iPhone.Build.0 = Debug|iPhone
		{B4DB3FBC-7B8D-4D50-97BF-F2A82FF9FF28}.Debug|iPhoneSimulator.ActiveCfg = Debug|iPhoneSimulator
		{B4DB3FBC-7B8D-4D50-97BF-F2A82FF9FF28}.Debug|iPhoneSimulator.Build.0 = Debug|iPhoneSimulator
		{B4DB3FBC-7B8D-4D50-97BF-F2A82FF9FF28}.Debug|x64.ActiveCfg = Debug|iPhone
		{B4DB3FBC-7B8D-4D50-97BF-F2A82FF9FF28}.Debug|x86.ActiveCfg = Debug|iPhone
		{B4DB3FBC-7B8D-4D50-97BF-F2A82FF9FF28}.Release|Any CPU.ActiveCfg = Release|iPhone
		{B4DB3FBC-7B8D-4D50-97BF-F2A82FF9FF28}.Release|ARM.ActiveCfg = Release|iPhone
		{B4DB3FBC-7B8D-4D50-97BF-F2A82FF9FF28}.Release|iPhone.ActiveCfg = Release|iPhone
		{B4DB3FBC-7B8D-4D50-97BF-F2A82FF9FF28}.Release|iPhone.Build.0 = Release|iPhone
		{B4DB3FBC-7B8D-4D50-97BF-F2A82FF9FF28}.Release|iPhoneSimulator.ActiveCfg = Release|iPhoneSimulator
		{B4DB3FBC-7B8D-4D50-97BF-F2A82FF9FF28}.Release|iPhoneSimulator.Build.0 = Release|iPhoneSimulator
		{B4DB3FBC-7B8D-4D50-97BF-F2A82FF9FF28}.Release|x64.ActiveCfg = Release|iPhone
		{B4DB3FBC-7B8D-4D50-97BF-F2A82FF9FF28}.Release|x86.ActiveCfg = Release|iPhone
		{51EF6ED0-85E9-478A-B55E-BCAC69DF6346}.Ad-Hoc|Any CPU.ActiveCfg = Release|x86
		{51EF6ED0-85E9-478A-B55E-BCAC69DF6346}.Ad-Hoc|Any CPU.Build.0 = Release|x86
		{51EF6ED0-85E9-478A-B55E-BCAC69DF6346}.Ad-Hoc|Any CPU.Deploy.0 = Release|x86
		{51EF6ED0-85E9-478A-B55E-BCAC69DF6346}.Ad-Hoc|ARM.ActiveCfg = Release|ARM
		{51EF6ED0-85E9-478A-B55E-BCAC69DF6346}.Ad-Hoc|ARM.Build.0 = Release|ARM
		{51EF6ED0-85E9-478A-B55E-BCAC69DF6346}.Ad-Hoc|ARM.Deploy.0 = Release|ARM
		{51EF6ED0-85E9-478A-B55E-BCAC69DF6346}.Ad-Hoc|iPhone.ActiveCfg = Release|x86
		{51EF6ED0-85E9-478A-B55E-BCAC69DF6346}.Ad-Hoc|iPhone.Build.0 = Release|x86
		{51EF6ED0-85E9-478A-B55E-BCAC69DF6346}.Ad-Hoc|iPhone.Deploy.0 = Release|x86
		{51EF6ED0-85E9-478A-B55E-BCAC69DF6346}.Ad-Hoc|iPhoneSimulator.ActiveCfg = Release|x86
		{51EF6ED0-85E9-478A-B55E-BCAC69DF6346}.Ad-Hoc|iPhoneSimulator.Build.0 = Release|x86
		{51EF6ED0-85E9-478A-B55E-BCAC69DF6346}.Ad-Hoc|iPhoneSimulator.Deploy.0 = Release|x86
		{51EF6ED0-85E9-478A-B55E-BCAC69DF6346}.Ad-Hoc|x64.ActiveCfg = Release|x64
		{51EF6ED0-85E9-478A-B55E-BCAC69DF6346}.Ad-Hoc|x64.Build.0 = Release|x64
		{51EF6ED0-85E9-478A-B55E-BCAC69DF6346}.Ad-Hoc|x64.Deploy.0 = Release|x64
		{51EF6ED0-85E9-478A-B55E-BCAC69DF6346}.Ad-Hoc|x86.ActiveCfg = Release|x86
		{51EF6ED0-85E9-478A-B55E-BCAC69DF6346}.Ad-Hoc|x86.Build.0 = Release|x86
		{51EF6ED0-85E9-478A-B55E-BCAC69DF6346}.Ad-Hoc|x86.Deploy.0 = Release|x86
		{51EF6ED0-85E9-478A-B55E-BCAC69DF6346}.AppStore|Any CPU.ActiveCfg = Release|x86
		{51EF6ED0-85E9-478A-B55E-BCAC69DF6346}.AppStore|Any CPU.Build.0 = Release|x86
		{51EF6ED0-85E9-478A-B55E-BCAC69DF6346}.AppStore|Any CPU.Deploy.0 = Release|x86
		{51EF6ED0-85E9-478A-B55E-BCAC69DF6346}.AppStore|ARM.ActiveCfg = Release|ARM
		{51EF6ED0-85E9-478A-B55E-BCAC69DF6346}.AppStore|ARM.Build.0 = Release|ARM
		{51EF6ED0-85E9-478A-B55E-BCAC69DF6346}.AppStore|ARM.Deploy.0 = Release|ARM
		{51EF6ED0-85E9-478A-B55E-BCAC69DF6346}.AppStore|iPhone.ActiveCfg = Release|x86
		{51EF6ED0-85E9-478A-B55E-BCAC69DF6346}.AppStore|iPhone.Build.0 = Release|x86
		{51EF6ED0-85E9-478A-B55E-BCAC69DF6346}.AppStore|iPhone.Deploy.0 = Release|x86
		{51EF6ED0-85E9-478A-B55E-BCAC69DF6346}.AppStore|iPhoneSimulator.ActiveCfg = Release|x86
		{51EF6ED0-85E9-478A-B55E-BCAC69DF6346}.AppStore|iPhoneSimulator.Build.0 = Release|x86
		{51EF6ED0-85E9-478A-B55E-BCAC69DF6346}.AppStore|iPhoneSimulator.Deploy.0 = Release|x86
		{51EF6ED0-85E9-478A-B55E-BCAC69DF6346}.AppStore|x64.ActiveCfg = Release|x64
		{51EF6ED0-85E9-478A-B55E-BCAC69DF6346}.AppStore|x64.Build.0 = Release|x64
		{51EF6ED0-85E9-478A-B55E-BCAC69DF6346}.AppStore|x64.Deploy.0 = Release|x64
		{51EF6ED0-85E9-478A-B55E-BCAC69DF6346}.AppStore|x86.ActiveCfg = Release|x86
		{51EF6ED0-85E9-478A-B55E-BCAC69DF6346}.AppStore|x86.Build.0 = Release|x86
		{51EF6ED0-85E9-478A-B55E-BCAC69DF6346}.AppStore|x86.Deploy.0 = Release|x86
		{51EF6ED0-85E9-478A-B55E-BCAC69DF6346}.Debug|Any CPU.ActiveCfg = Debug|x86
		{51EF6ED0-85E9-478A-B55E-BCAC69DF6346}.Debug|Any CPU.Build.0 = Debug|x86
		{51EF6ED0-85E9-478A-B55E-BCAC69DF6346}.Debug|Any CPU.Deploy.0 = Debug|x86
		{51EF6ED0-85E9-478A-B55E-BCAC69DF6346}.Debug|ARM.ActiveCfg = Debug|ARM
		{51EF6ED0-85E9-478A-B55E-BCAC69DF6346}.Debug|ARM.Build.0 = Debug|ARM
		{51EF6ED0-85E9-478A-B55E-BCAC69DF6346}.Debug|ARM.Deploy.0 = Debug|ARM
		{51EF6ED0-85E9-478A-B55E-BCAC69DF6346}.Debug|iPhone.ActiveCfg = Debug|x86
		{51EF6ED0-85E9-478A-B55E-BCAC69DF6346}.Debug|iPhoneSimulator.ActiveCfg = Debug|x86
		{51EF6ED0-85E9-478A-B55E-BCAC69DF6346}.Debug|x64.ActiveCfg = Debug|x64
		{51EF6ED0-85E9-478A-B55E-BCAC69DF6346}.Debug|x64.Build.0 = Debug|x64
		{51EF6ED0-85E9-478A-B55E-BCAC69DF6346}.Debug|x64.Deploy.0 = Debug|x64
		{51EF6ED0-85E9-478A-B55E-BCAC69DF6346}.Debug|x86.ActiveCfg = Debug|x86
		{51EF6ED0-85E9-478A-B55E-BCAC69DF6346}.Debug|x86.Build.0 = Debug|x86
		{51EF6ED0-85E9-478A-B55E-BCAC69DF6346}.Debug|x86.Deploy.0 = Debug|x86
		{51EF6ED0-85E9-478A-B55E-BCAC69DF6346}.Release|Any CPU.ActiveCfg = Release|x86
		{51EF6ED0-85E9-478A-B55E-BCAC69DF6346}.Release|ARM.ActiveCfg = Release|ARM
		{51EF6ED0-85E9-478A-B55E-BCAC69DF6346}.Release|ARM.Build.0 = Release|ARM
		{51EF6ED0-85E9-478A-B55E-BCAC69DF6346}.Release|ARM.Deploy.0 = Release|ARM
		{51EF6ED0-85E9-478A-B55E-BCAC69DF6346}.Release|iPhone.ActiveCfg = Release|x86
		{51EF6ED0-85E9-478A-B55E-BCAC69DF6346}.Release|iPhoneSimulator.ActiveCfg = Release|x86
		{51EF6ED0-85E9-478A-B55E-BCAC69DF6346}.Release|x64.ActiveCfg = Release|x64
		{51EF6ED0-85E9-478A-B55E-BCAC69DF6346}.Release|x64.Build.0 = Release|x64
		{51EF6ED0-85E9-478A-B55E-BCAC69DF6346}.Release|x64.Deploy.0 = Release|x64
		{51EF6ED0-85E9-478A-B55E-BCAC69DF6346}.Release|x86.ActiveCfg = Release|x86
		{51EF6ED0-85E9-478A-B55E-BCAC69DF6346}.Release|x86.Build.0 = Release|x86
		{51EF6ED0-85E9-478A-B55E-BCAC69DF6346}.Release|x86.Deploy.0 = Release|x86
	EndGlobalSection
	GlobalSection(SolutionProperties) = preSolution
		HideSolutionNode = FALSE
	EndGlobalSection
EndGlobal
